// !$*UTF8*$!
{
	archiveVersion = 1;
	classes = {
	};
	objectVersion = 77;
	objects = {

/* Begin PBXBuildFile section */
		9858D8A72CE18737000A04C0 /* CDStudySession+CoreDataClass.swift in Sources */ = {isa = PBXBuildFile; fileRef = 9858D8A52CE18737000A04C0 /* CDStudySession+CoreDataClass.swift */; };
		9858D8AA2CE18737000A04C0 /* CDStudySession+CoreDataProperties.swift in Sources */ = {isa = PBXBuildFile; fileRef = 9858D8A62CE18737000A04C0 /* CDStudySession+CoreDataProperties.swift */; };
		9866D7382CE3F02F00EFAF75 /* CDQuestion+CoreDataClass.swift in Sources */ = {isa = PBXBuildFile; fileRef = 9866D7362CE3F02F00EFAF75 /* CDQuestion+CoreDataClass.swift */; };
		9866D7392CE3F02F00EFAF75 /* CDQuestion+CoreDataProperties.swift in Sources */ = {isa = PBXBuildFile; fileRef = 9866D7372CE3F02F00EFAF75 /* CDQuestion+CoreDataProperties.swift */; };
		98EC01262CF19D5B002884FB /* CDProblemSet+CoreDataClass.swift in Sources */ = {isa = PBXBuildFile; fileRef = 98EC01242CF19D5B002884FB /* CDProblemSet+CoreDataClass.swift */; };
		98EC01272CF19D5B002884FB /* CDProblemSet+CoreDataProperties.swift in Sources */ = {isa = PBXBuildFile; fileRef = 98EC01252CF19D5B002884FB /* CDProblemSet+CoreDataProperties.swift */; };
/* End PBXBuildFile section */

/* Begin PBXFileReference section */
		9858D8A52CE18737000A04C0 /* CDStudySession+CoreDataClass.swift */ = {isa = PBXFileReference; lastKnownFileType = sourcecode.swift; name = "CDStudySession+CoreDataClass.swift"; path = "AISnapStudy/CoreData/CDStudySession+CoreDataClass.swift"; sourceTree = "<group>"; };
		9858D8A62CE18737000A04C0 /* CDStudySession+CoreDataProperties.swift */ = {isa = PBXFileReference; lastKnownFileType = sourcecode.swift; name = "CDStudySession+CoreDataProperties.swift"; path = "AISnapStudy/CoreData/CDStudySession+CoreDataProperties.swift"; sourceTree = "<group>"; };
		9866D7362CE3F02F00EFAF75 /* CDQuestion+CoreDataClass.swift */ = {isa = PBXFileReference; lastKnownFileType = sourcecode.swift; name = "CDQuestion+CoreDataClass.swift"; path = "AISnapStudy/CoreData/CDQuestion+CoreDataClass.swift"; sourceTree = "<group>"; };
		9866D7372CE3F02F00EFAF75 /* CDQuestion+CoreDataProperties.swift */ = {isa = PBXFileReference; lastKnownFileType = sourcecode.swift; name = "CDQuestion+CoreDataProperties.swift"; path = "AISnapStudy/CoreData/CDQuestion+CoreDataProperties.swift"; sourceTree = "<group>"; };
		989CC9FD2CE135CA00E25D14 /* AISnapStudy.app */ = {isa = PBXFileReference; explicitFileType = wrapper.application; includeInIndex = 0; path = AISnapStudy.app; sourceTree = BUILT_PRODUCTS_DIR; };
		98EC01242CF19D5B002884FB /* CDProblemSet+CoreDataClass.swift */ = {isa = PBXFileReference; lastKnownFileType = sourcecode.swift; name = "CDProblemSet+CoreDataClass.swift"; path = "AISnapStudy/CoreData/CDProblemSet+CoreDataClass.swift"; sourceTree = "<group>"; };
		98EC01252CF19D5B002884FB /* CDProblemSet+CoreDataProperties.swift */ = {isa = PBXFileReference; lastKnownFileType = sourcecode.swift; name = "CDProblemSet+CoreDataProperties.swift"; path = "AISnapStudy/CoreData/CDProblemSet+CoreDataProperties.swift"; sourceTree = "<group>"; };
/* End PBXFileReference section */

/* Begin PBXFileSystemSynchronizedBuildFileExceptionSet section */
		98E728422CE1CCCA00C90F73 /* Exceptions for "AISnapStudy" folder in "AISnapStudy" target */ = {
			isa = PBXFileSystemSynchronizedBuildFileExceptionSet;
			membershipExceptions = (
				Info.plist,
			);
			target = 989CC9FC2CE135CA00E25D14 /* AISnapStudy */;
		};
/* End PBXFileSystemSynchronizedBuildFileExceptionSet section */

/* Begin PBXFileSystemSynchronizedRootGroup section */
		989CC9FF2CE135CA00E25D14 /* AISnapStudy */ = {
			isa = PBXFileSystemSynchronizedRootGroup;
			exceptions = (
				98E728422CE1CCCA00C90F73 /* Exceptions for "AISnapStudy" folder in "AISnapStudy" target */,
			);
			path = AISnapStudy;
			sourceTree = "<group>";
		};
/* End PBXFileSystemSynchronizedRootGroup section */

/* Begin PBXFrameworksBuildPhase section */
		989CC9FA2CE135CA00E25D14 /* Frameworks */ = {
			isa = PBXFrameworksBuildPhase;
			buildActionMask = 2147483647;
			files = (
			);
			runOnlyForDeploymentPostprocessing = 0;
		};
/* End PBXFrameworksBuildPhase section */

/* Begin PBXGroup section */
		989CC9F42CE135CA00E25D14 = {
			isa = PBXGroup;
			children = (
				98EC01242CF19D5B002884FB /* CDProblemSet+CoreDataClass.swift */,
				98EC01252CF19D5B002884FB /* CDProblemSet+CoreDataProperties.swift */,
				9866D7362CE3F02F00EFAF75 /* CDQuestion+CoreDataClass.swift */,
				9866D7372CE3F02F00EFAF75 /* CDQuestion+CoreDataProperties.swift */,
				9858D8A52CE18737000A04C0 /* CDStudySession+CoreDataClass.swift */,
				9858D8A62CE18737000A04C0 /* CDStudySession+CoreDataProperties.swift */,
				989CC9FF2CE135CA00E25D14 /* AISnapStudy */,
				989CC9FE2CE135CA00E25D14 /* Products */,
			);
			sourceTree = "<group>";
		};
		989CC9FE2CE135CA00E25D14 /* Products */ = {
			isa = PBXGroup;
			children = (
				989CC9FD2CE135CA00E25D14 /* AISnapStudy.app */,
			);
			name = Products;
			sourceTree = "<group>";
		};
/* End PBXGroup section */

/* Begin PBXNativeTarget section */
		989CC9FC2CE135CA00E25D14 /* AISnapStudy */ = {
			isa = PBXNativeTarget;
			buildConfigurationList = 989CCA0B2CE135CA00E25D14 /* Build configuration list for PBXNativeTarget "AISnapStudy" */;
			buildPhases = (
				989CC9F92CE135CA00E25D14 /* Sources */,
				989CC9FA2CE135CA00E25D14 /* Frameworks */,
				989CC9FB2CE135CA00E25D14 /* Resources */,
			);
			buildRules = (
			);
			dependencies = (
			);
			fileSystemSynchronizedGroups = (
				989CC9FF2CE135CA00E25D14 /* AISnapStudy */,
			);
			name = AISnapStudy;
			packageProductDependencies = (
			);
			productName = AISnapStudy;
			productReference = 989CC9FD2CE135CA00E25D14 /* AISnapStudy.app */;
			productType = "com.apple.product-type.application";
		};
/* End PBXNativeTarget section */

/* Begin PBXProject section */
		989CC9F52CE135CA00E25D14 /* Project object */ = {
			isa = PBXProject;
			attributes = {
				BuildIndependentTargetsInParallel = 1;
				LastSwiftUpdateCheck = 1610;
				LastUpgradeCheck = 1610;
				TargetAttributes = {
					989CC9FC2CE135CA00E25D14 = {
						CreatedOnToolsVersion = 16.1;
					};
				};
			};
			buildConfigurationList = 989CC9F82CE135CA00E25D14 /* Build configuration list for PBXProject "AISnapStudy" */;
			developmentRegion = en;
			hasScannedForEncodings = 0;
			knownRegions = (
				en,
				Base,
			);
			mainGroup = 989CC9F42CE135CA00E25D14;
			minimizedProjectReferenceProxies = 1;
			preferredProjectObjectVersion = 77;
			productRefGroup = 989CC9FE2CE135CA00E25D14 /* Products */;
			projectDirPath = "";
			projectRoot = "";
			targets = (
				989CC9FC2CE135CA00E25D14 /* AISnapStudy */,
			);
		};
/* End PBXProject section */

/* Begin PBXResourcesBuildPhase section */
		989CC9FB2CE135CA00E25D14 /* Resources */ = {
			isa = PBXResourcesBuildPhase;
			buildActionMask = 2147483647;
			files = (
			);
			runOnlyForDeploymentPostprocessing = 0;
		};
/* End PBXResourcesBuildPhase section */

/* Begin PBXSourcesBuildPhase section */
		989CC9F92CE135CA00E25D14 /* Sources */ = {
			isa = PBXSourcesBuildPhase;
			buildActionMask = 2147483647;
			files = (
				9866D7382CE3F02F00EFAF75 /* CDQuestion+CoreDataClass.swift in Sources */,
				9866D7392CE3F02F00EFAF75 /* CDQuestion+CoreDataProperties.swift in Sources */,
				98EC01262CF19D5B002884FB /* CDProblemSet+CoreDataClass.swift in Sources */,
				98EC01272CF19D5B002884FB /* CDProblemSet+CoreDataProperties.swift in Sources */,
				9858D8A72CE18737000A04C0 /* CDStudySession+CoreDataClass.swift in Sources */,
				9858D8AA2CE18737000A04C0 /* CDStudySession+CoreDataProperties.swift in Sources */,
			);
			runOnlyForDeploymentPostprocessing = 0;
		};
/* End PBXSourcesBuildPhase section */

/* Begin XCBuildConfiguration section */
		989CCA092CE135CA00E25D14 /* Debug */ = {
			isa = XCBuildConfiguration;
			buildSettings = {
				ALWAYS_SEARCH_USER_PATHS = NO;
				ASSETCATALOG_COMPILER_GENERATE_SWIFT_ASSET_SYMBOL_EXTENSIONS = YES;
				CLANG_ANALYZER_NONNULL = YES;
				CLANG_ANALYZER_NUMBER_OBJECT_CONVERSION = YES_AGGRESSIVE;
				CLANG_CXX_LANGUAGE_STANDARD = "gnu++20";
				CLANG_ENABLE_MODULES = YES;
				CLANG_ENABLE_OBJC_ARC = YES;
				CLANG_ENABLE_OBJC_WEAK = YES;
				CLANG_WARN_BLOCK_CAPTURE_AUTORELEASING = YES;
				CLANG_WARN_BOOL_CONVERSION = YES;
				CLANG_WARN_COMMA = YES;
				CLANG_WARN_CONSTANT_CONVERSION = YES;
				CLANG_WARN_DEPRECATED_OBJC_IMPLEMENTATIONS = YES;
				CLANG_WARN_DIRECT_OBJC_ISA_USAGE = YES_ERROR;
				CLANG_WARN_DOCUMENTATION_COMMENTS = YES;
				CLANG_WARN_EMPTY_BODY = YES;
				CLANG_WARN_ENUM_CONVERSION = YES;
				CLANG_WARN_INFINITE_RECURSION = YES;
				CLANG_WARN_INT_CONVERSION = YES;
				CLANG_WARN_NON_LITERAL_NULL_CONVERSION = YES;
				CLANG_WARN_OBJC_IMPLICIT_RETAIN_SELF = YES;
				CLANG_WARN_OBJC_LITERAL_CONVERSION = YES;
				CLANG_WARN_OBJC_ROOT_CLASS = YES_ERROR;
				CLANG_WARN_QUOTED_INCLUDE_IN_FRAMEWORK_HEADER = YES;
				CLANG_WARN_RANGE_LOOP_ANALYSIS = YES;
				CLANG_WARN_STRICT_PROTOTYPES = YES;
				CLANG_WARN_SUSPICIOUS_MOVE = YES;
				CLANG_WARN_UNGUARDED_AVAILABILITY = YES_AGGRESSIVE;
				CLANG_WARN_UNREACHABLE_CODE = YES;
				CLANG_WARN__DUPLICATE_METHOD_MATCH = YES;
				COPY_PHASE_STRIP = NO;
				DEBUG_INFORMATION_FORMAT = dwarf;
				ENABLE_STRICT_OBJC_MSGSEND = YES;
				ENABLE_TESTABILITY = YES;
				ENABLE_USER_SCRIPT_SANDBOXING = YES;
				GCC_C_LANGUAGE_STANDARD = gnu17;
				GCC_DYNAMIC_NO_PIC = NO;
				GCC_NO_COMMON_BLOCKS = YES;
				GCC_OPTIMIZATION_LEVEL = 0;
				GCC_PREPROCESSOR_DEFINITIONS = (
					"DEBUG=1",
					"$(inherited)",
				);
				GCC_WARN_64_TO_32_BIT_CONVERSION = YES;
				GCC_WARN_ABOUT_RETURN_TYPE = YES_ERROR;
				GCC_WARN_UNDECLARED_SELECTOR = YES;
				GCC_WARN_UNINITIALIZED_AUTOS = YES_AGGRESSIVE;
				GCC_WARN_UNUSED_FUNCTION = YES;
				GCC_WARN_UNUSED_VARIABLE = YES;
				IPHONEOS_DEPLOYMENT_TARGET = 18.1;
				LOCALIZATION_PREFERS_STRING_CATALOGS = YES;
				MTL_ENABLE_DEBUG_INFO = INCLUDE_SOURCE;
				MTL_FAST_MATH = YES;
				ONLY_ACTIVE_ARCH = YES;
				SDKROOT = iphoneos;
				SWIFT_ACTIVE_COMPILATION_CONDITIONS = "DEBUG $(inherited)";
				SWIFT_OPTIMIZATION_LEVEL = "-Onone";
			};
			name = Debug;
		};
		989CCA0A2CE135CA00E25D14 /* Release */ = {
			isa = XCBuildConfiguration;
			buildSettings = {
				ALWAYS_SEARCH_USER_PATHS = NO;
				ASSETCATALOG_COMPILER_GENERATE_SWIFT_ASSET_SYMBOL_EXTENSIONS = YES;
				CLANG_ANALYZER_NONNULL = YES;
				CLANG_ANALYZER_NUMBER_OBJECT_CONVERSION = YES_AGGRESSIVE;
				CLANG_CXX_LANGUAGE_STANDARD = "gnu++20";
				CLANG_ENABLE_MODULES = YES;
				CLANG_ENABLE_OBJC_ARC = YES;
				CLANG_ENABLE_OBJC_WEAK = YES;
				CLANG_WARN_BLOCK_CAPTURE_AUTORELEASING = YES;
				CLANG_WARN_BOOL_CONVERSION = YES;
				CLANG_WARN_COMMA = YES;
				CLANG_WARN_CONSTANT_CONVERSION = YES;
				CLANG_WARN_DEPRECATED_OBJC_IMPLEMENTATIONS = YES;
				CLANG_WARN_DIRECT_OBJC_ISA_USAGE = YES_ERROR;
				CLANG_WARN_DOCUMENTATION_COMMENTS = YES;
				CLANG_WARN_EMPTY_BODY = YES;
				CLANG_WARN_ENUM_CONVERSION = YES;
				CLANG_WARN_INFINITE_RECURSION = YES;
				CLANG_WARN_INT_CONVERSION = YES;
				CLANG_WARN_NON_LITERAL_NULL_CONVERSION = YES;
				CLANG_WARN_OBJC_IMPLICIT_RETAIN_SELF = YES;
				CLANG_WARN_OBJC_LITERAL_CONVERSION = YES;
				CLANG_WARN_OBJC_ROOT_CLASS = YES_ERROR;
				CLANG_WARN_QUOTED_INCLUDE_IN_FRAMEWORK_HEADER = YES;
				CLANG_WARN_RANGE_LOOP_ANALYSIS = YES;
				CLANG_WARN_STRICT_PROTOTYPES = YES;
				CLANG_WARN_SUSPICIOUS_MOVE = YES;
				CLANG_WARN_UNGUARDED_AVAILABILITY = YES_AGGRESSIVE;
				CLANG_WARN_UNREACHABLE_CODE = YES;
				CLANG_WARN__DUPLICATE_METHOD_MATCH = YES;
				COPY_PHASE_STRIP = NO;
				DEBUG_INFORMATION_FORMAT = "dwarf-with-dsym";
				ENABLE_NS_ASSERTIONS = NO;
				ENABLE_STRICT_OBJC_MSGSEND = YES;
				ENABLE_USER_SCRIPT_SANDBOXING = YES;
				GCC_C_LANGUAGE_STANDARD = gnu17;
				GCC_NO_COMMON_BLOCKS = YES;
				GCC_WARN_64_TO_32_BIT_CONVERSION = YES;
				GCC_WARN_ABOUT_RETURN_TYPE = YES_ERROR;
				GCC_WARN_UNDECLARED_SELECTOR = YES;
				GCC_WARN_UNINITIALIZED_AUTOS = YES_AGGRESSIVE;
				GCC_WARN_UNUSED_FUNCTION = YES;
				GCC_WARN_UNUSED_VARIABLE = YES;
				IPHONEOS_DEPLOYMENT_TARGET = 18.1;
				LOCALIZATION_PREFERS_STRING_CATALOGS = YES;
				MTL_ENABLE_DEBUG_INFO = NO;
				MTL_FAST_MATH = YES;
				SDKROOT = iphoneos;
				SWIFT_COMPILATION_MODE = wholemodule;
				VALIDATE_PRODUCT = YES;
			};
			name = Release;
		};
		989CCA0C2CE135CA00E25D14 /* Debug */ = {
			isa = XCBuildConfiguration;
			buildSettings = {
				ASSETCATALOG_COMPILER_APPICON_NAME = AppIcon;
				ASSETCATALOG_COMPILER_GLOBAL_ACCENT_COLOR_NAME = AccentColor;
				CODE_SIGN_STYLE = Automatic;
				CURRENT_PROJECT_VERSION = 1;
				DEVELOPMENT_ASSET_PATHS = "\"AISnapStudy/Preview Content\"";
				DEVELOPMENT_TEAM = 7F4M4ATHP5;
				ENABLE_PREVIEWS = YES;
				GENERATE_INFOPLIST_FILE = YES;
				INFOPLIST_FILE = AISnapStudy/Info.plist;
				INFOPLIST_KEY_CFBundleDisplayName = "";
				INFOPLIST_KEY_LSApplicationCategoryType = "";
				INFOPLIST_KEY_NSCameraUsageDescription = "Camera access is required to take pictures and create learning questions";
				INFOPLIST_KEY_NSPhotoLibraryUsageDescription = "Photo access is required to create learning problems by selecting photos from the gallery";
				INFOPLIST_KEY_UIApplicationSceneManifest_Generation = YES;
				INFOPLIST_KEY_UIApplicationSupportsIndirectInputEvents = YES;
				INFOPLIST_KEY_UILaunchScreen_Generation = YES;
				INFOPLIST_KEY_UISupportedInterfaceOrientations_iPad = "UIInterfaceOrientationPortrait UIInterfaceOrientationPortraitUpsideDown UIInterfaceOrientationLandscapeLeft UIInterfaceOrientationLandscapeRight";
				INFOPLIST_KEY_UISupportedInterfaceOrientations_iPhone = "UIInterfaceOrientationPortrait UIInterfaceOrientationLandscapeLeft UIInterfaceOrientationLandscapeRight";
				LD_RUNPATH_SEARCH_PATHS = (
					"$(inherited)",
					"@executable_path/Frameworks",
				);
				MARKETING_VERSION = 1.0;
				PRODUCT_BUNDLE_IDENTIFIER = com.BrainWave.AISnapStudy;
				PRODUCT_NAME = "$(TARGET_NAME)";
				SWIFT_EMIT_LOC_STRINGS = YES;
				SWIFT_VERSION = 5.0;
				TARGETED_DEVICE_FAMILY = "1,2";
			};
			name = Debug;
		};
		989CCA0D2CE135CA00E25D14 /* Release */ = {
			isa = XCBuildConfiguration;
			buildSettings = {
				ASSETCATALOG_COMPILER_APPICON_NAME = AppIcon;
				ASSETCATALOG_COMPILER_GLOBAL_ACCENT_COLOR_NAME = AccentColor;
				CODE_SIGN_STYLE = Automatic;
				CURRENT_PROJECT_VERSION = 1;
				DEVELOPMENT_ASSET_PATHS = "\"AISnapStudy/Preview Content\"";
				DEVELOPMENT_TEAM = 7F4M4ATHP5;
				ENABLE_PREVIEWS = YES;
				GENERATE_INFOPLIST_FILE = YES;
				INFOPLIST_FILE = AISnapStudy/Info.plist;
				INFOPLIST_KEY_CFBundleDisplayName = "";
				INFOPLIST_KEY_LSApplicationCategoryType = "";
				INFOPLIST_KEY_NSCameraUsageDescription = "Camera access is required to take pictures and create learning questions";
				INFOPLIST_KEY_NSPhotoLibraryUsageDescription = "Photo access is required to create learning problems by selecting photos from the gallery";
				INFOPLIST_KEY_UIApplicationSceneManifest_Generation = YES;
				INFOPLIST_KEY_UIApplicationSupportsIndirectInputEvents = YES;
				INFOPLIST_KEY_UILaunchScreen_Generation = YES;
				INFOPLIST_KEY_UISupportedInterfaceOrientations_iPad = "UIInterfaceOrientationPortrait UIInterfaceOrientationPortraitUpsideDown UIInterfaceOrientationLandscapeLeft UIInterfaceOrientationLandscapeRight";
				INFOPLIST_KEY_UISupportedInterfaceOrientations_iPhone = "UIInterfaceOrientationPortrait UIInterfaceOrientationLandscapeLeft UIInterfaceOrientationLandscapeRight";
				LD_RUNPATH_SEARCH_PATHS = (
					"$(inherited)",
					"@executable_path/Frameworks",
				);
				MARKETING_VERSION = 1.0;
				PRODUCT_BUNDLE_IDENTIFIER = com.BrainWave.AISnapStudy;
				PRODUCT_NAME = "$(TARGET_NAME)";
				SWIFT_EMIT_LOC_STRINGS = YES;
				SWIFT_VERSION = 5.0;
				TARGETED_DEVICE_FAMILY = "1,2";
			};
			name = Release;
		};
/* End XCBuildConfiguration section */

/* Begin XCConfigurationList section */
		989CC9F82CE135CA00E25D14 /* Build configuration list for PBXProject "AISnapStudy" */ = {
			isa = XCConfigurationList;
			buildConfigurations = (
				989CCA092CE135CA00E25D14 /* Debug */,
				989CCA0A2CE135CA00E25D14 /* Release */,
			);
			defaultConfigurationIsVisible = 0;
			defaultConfigurationName = Release;
		};
		989CCA0B2CE135CA00E25D14 /* Build configuration list for PBXNativeTarget "AISnapStudy" */ = {
			isa = XCConfigurationList;
			buildConfigurations = (
				989CCA0C2CE135CA00E25D14 /* Debug */,
				989CCA0D2CE135CA00E25D14 /* Release */,
			);
			defaultConfigurationIsVisible = 0;
			defaultConfigurationName = Release;
		};
/* End XCConfigurationList section */
	};
	rootObject = 989CC9F52CE135CA00E25D14 /* Project object */;
}
